
Microsoft Visual Studio Solution File, Format Version 12.00
# Visual Studio Version 17
VisualStudioVersion = 17.10.34916.146
MinimumVisualStudioVersion = 10.0.40219.1
Project("{FAE04EC0-301F-11D3-BF4B-00C04F79EFBC}") = "CH02FutureValueWells", "CH02FutureValueWells.csproj", "{9CE459E6-B603-4B9C-8A3D-26301BD3B0EC}"
EndProject
Global
	GlobalSection(SolutionConfigurationPlatforms) = preSolution
		Debug|Any CPU = Debug|Any CPU
		Release|Any CPU = Release|Any CPU
	EndGlobalSection
	GlobalSection(ProjectConfigurationPlatforms) = postSolution
		{9CE459E6-B603-4B9C-8A3D-26301BD3B0EC}.Debug|Any CPU.ActiveCfg = Debug|Any CPU
		{9CE459E6-B603-4B9C-8A3D-26301BD3B0EC}.Debug|Any CPU.Build.0 = Debug|Any CPU
		{9CE459E6-B603-4B9C-8A3D-26301BD3B0EC}.Release|Any CPU.ActiveCfg = Release|Any CPU
		{9CE459E6-B603-4B9C-8A3D-26301BD3B0EC}.Release|Any CPU.Build.0 = Release|Any CPU
	EndGlobalSection
	GlobalSection(SolutionProperties) = preSolution
		HideSolutionNode = FALSE
	EndGlobalSection
	GlobalSection(ExtensibilityGlobals) = postSolution
		SolutionGuid = {A6182024-E001-4F23-8A8D-E6F96E61005E}
	EndGlobalSection
EndGlobal
